
Microsoft Visual Studio Solution File, Format Version 12.00
# Visual Studio Version 16
VisualStudioVersion = 16.0.30517.126
MinimumVisualStudioVersion = 10.0.40219.1
Project("{FAE04EC0-301F-11D3-BF4B-00C04F79EFBC}") = "navbat", "navbat.csproj", "{EAC5F00E-9EC4-4E6C-9EBD-51D284FBAC71}"
EndProject
Global
	GlobalSection(SolutionConfigurationPlatforms) = preSolution
		Debug|Any CPU = Debug|Any CPU
		Release|Any CPU = Release|Any CPU
	EndGlobalSection
	GlobalSection(ProjectConfigurationPlatforms) = postSolution
		{EAC5F00E-9EC4-4E6C-9EBD-51D284FBAC71}.Debug|Any CPU.ActiveCfg = Debug|Any CPU
		{EAC5F00E-9EC4-4E6C-9EBD-51D284FBAC71}.Debug|Any CPU.Build.0 = Debug|Any CPU
		{EAC5F00E-9EC4-4E6C-9EBD-51D284FBAC71}.Release|Any CPU.ActiveCfg = Release|Any CPU
		{EAC5F00E-9EC4-4E6C-9EBD-51D284FBAC71}.Release|Any CPU.Build.0 = Release|Any CPU
	EndGlobalSection
	GlobalSection(SolutionProperties) = preSolution
		HideSolutionNode = FALSE
	EndGlobalSection
	GlobalSection(ExtensibilityGlobals) = postSolution
		SolutionGuid = {E1974425-A319-4B8A-8BFD-CE14136CECFE}
	EndGlobalSection
EndGlobal
